
Microsoft Visual Studio Solution File, Format Version 12.00
# Visual Studio 15
VisualStudioVersion = 15.0.28010.2026
MinimumVisualStudioVersion = 10.0.40219.1
Project("{FAE04EC0-301F-11D3-BF4B-00C04F79EFBC}") = "Best By", "Best By\Best By.csproj", "{DD260640-123F-421B-831C-5B20A90620F9}"
EndProject
Global
	GlobalSection(SolutionConfigurationPlatforms) = preSolution
		Debug|Any CPU = Debug|Any CPU
		Release|Any CPU = Release|Any CPU
	EndGlobalSection
	GlobalSection(ProjectConfigurationPlatforms) = postSolution
		{DD260640-123F-421B-831C-5B20A90620F9}.Debug|Any CPU.ActiveCfg = Debug|Any CPU
		{DD260640-123F-421B-831C-5B20A90620F9}.Debug|Any CPU.Build.0 = Debug|Any CPU
		{DD260640-123F-421B-831C-5B20A90620F9}.Release|Any CPU.ActiveCfg = Release|Any CPU
		{DD260640-123F-421B-831C-5B20A90620F9}.Release|Any CPU.Build.0 = Release|Any CPU
	EndGlobalSection
	GlobalSection(SolutionProperties) = preSolution
		HideSolutionNode = FALSE
	EndGlobalSection
	GlobalSection(ExtensibilityGlobals) = postSolution
		SolutionGuid = {1A806F96-FB72-427B-A76C-64A86BE5A97D}
	EndGlobalSection
EndGlobal
